
Microsoft Visual Studio Solution File, Format Version 12.00
# Visual Studio Version 16
VisualStudioVersion = 16.0.29430.225
MinimumVisualStudioVersion = 10.0.40219.1
Project("{FAE04EC0-301F-11D3-BF4B-00C04F79EFBC}") = "ILSpy-ILViewer", "ILSpy-ILViewer.csproj", "{CE9E78A6-EC51-4E90-B1E6-A4F61D95D06A}"
EndProject
Global
	GlobalSection(SolutionConfigurationPlatforms) = preSolution
		Debug|Any CPU = Debug|Any CPU
		Release|Any CPU = Release|Any CPU
	EndGlobalSection
	GlobalSection(ProjectConfigurationPlatforms) = postSolution
		{CE9E78A6-EC51-4E90-B1E6-A4F61D95D06A}.Debug|Any CPU.ActiveCfg = Debug|Any CPU
		{CE9E78A6-EC51-4E90-B1E6-A4F61D95D06A}.Debug|Any CPU.Build.0 = Debug|Any CPU
		{CE9E78A6-EC51-4E90-B1E6-A4F61D95D06A}.Release|Any CPU.ActiveCfg = Release|Any CPU
		{CE9E78A6-EC51-4E90-B1E6-A4F61D95D06A}.Release|Any CPU.Build.0 = Release|Any CPU
	EndGlobalSection
	GlobalSection(SolutionProperties) = preSolution
		HideSolutionNode = FALSE
	EndGlobalSection
	GlobalSection(ExtensibilityGlobals) = postSolution
		SolutionGuid = {B999610B-E877-492D-8FCC-D18E4B9D7BBF}
	EndGlobalSection
EndGlobal
